
Microsoft Visual Studio Solution File, Format Version 12.00
# Visual Studio Version 17
VisualStudioVersion = 17.1.32328.378
MinimumVisualStudioVersion = 10.0.40219.1
Project("{FAE04EC0-301F-11D3-BF4B-00C04F79EFBC}") = "DragnCards", "DragnCards.csproj", "{64468F83-F8B4-4311-88B8-C947C2B3E4EA}"
EndProject
Global
	GlobalSection(SolutionConfigurationPlatforms) = preSolution
		Debug|Any CPU = Debug|Any CPU
		Release|Any CPU = Release|Any CPU
	EndGlobalSection
	GlobalSection(ProjectConfigurationPlatforms) = postSolution
		{64468F83-F8B4-4311-88B8-C947C2B3E4EA}.Debug|Any CPU.ActiveCfg = Debug|Any CPU
		{64468F83-F8B4-4311-88B8-C947C2B3E4EA}.Debug|Any CPU.Build.0 = Debug|Any CPU
		{64468F83-F8B4-4311-88B8-C947C2B3E4EA}.Release|Any CPU.ActiveCfg = Release|Any CPU
		{64468F83-F8B4-4311-88B8-C947C2B3E4EA}.Release|Any CPU.Build.0 = Release|Any CPU
	EndGlobalSection
	GlobalSection(SolutionProperties) = preSolution
		HideSolutionNode = FALSE
	EndGlobalSection
	GlobalSection(ExtensibilityGlobals) = postSolution
		SolutionGuid = {02A62F01-E2A9-4977-90B3-38CFAB797EAC}
	EndGlobalSection
EndGlobal
